
Microsoft Visual Studio Solution File, Format Version 12.00
# Visual Studio Version 17
VisualStudioVersion = 17.11.35327.3
MinimumVisualStudioVersion = 10.0.40219.1
Project("{FAE04EC0-301F-11D3-BF4B-00C04F79EFBC}") = "BasicImplementationQueueLinkedList", "BasicImplementationQueueLinkedList\BasicImplementationQueueLinkedList.csproj", "{97E41108-2C69-4DFA-A7BE-CD0954D7B24B}"
EndProject
Global
	GlobalSection(SolutionConfigurationPlatforms) = preSolution
		Debug|Any CPU = Debug|Any CPU
		Release|Any CPU = Release|Any CPU
	EndGlobalSection
	GlobalSection(ProjectConfigurationPlatforms) = postSolution
		{97E41108-2C69-4DFA-A7BE-CD0954D7B24B}.Debug|Any CPU.ActiveCfg = Debug|Any CPU
		{97E41108-2C69-4DFA-A7BE-CD0954D7B24B}.Debug|Any CPU.Build.0 = Debug|Any CPU
		{97E41108-2C69-4DFA-A7BE-CD0954D7B24B}.Release|Any CPU.ActiveCfg = Release|Any CPU
		{97E41108-2C69-4DFA-A7BE-CD0954D7B24B}.Release|Any CPU.Build.0 = Release|Any CPU
	EndGlobalSection
	GlobalSection(SolutionProperties) = preSolution
		HideSolutionNode = FALSE
	EndGlobalSection
	GlobalSection(ExtensibilityGlobals) = postSolution
		SolutionGuid = {30BFABEE-E9D8-4684-8F9F-5DC2849731B2}
	EndGlobalSection
EndGlobal
